
Microsoft Visual Studio Solution File, Format Version 12.00
# Visual Studio Version 17
VisualStudioVersion = 17.9.34728.123
MinimumVisualStudioVersion = 10.0.40219.1
Project("{FAE04EC0-301F-11D3-BF4B-00C04F79EFBC}") = "BlazorApp1", "BlazorApp1\BlazorApp1.csproj", "{138E9F41-5213-4DF7-A7CD-CAB699326715}"
EndProject
Project("{FAE04EC0-301F-11D3-BF4B-00C04F79EFBC}") = "Blazor Webassembly Standalone App", "Blazor Webassembly Standalone App\Blazor Webassembly Standalone App.csproj", "{15DA5885-1D37-4171-B852-0BCCC30929F5}"
EndProject
Global
	GlobalSection(SolutionConfigurationPlatforms) = preSolution
		Debug|Any CPU = Debug|Any CPU
		Release|Any CPU = Release|Any CPU
	EndGlobalSection
	GlobalSection(ProjectConfigurationPlatforms) = postSolution
		{138E9F41-5213-4DF7-A7CD-CAB699326715}.Debug|Any CPU.ActiveCfg = Debug|Any CPU
		{138E9F41-5213-4DF7-A7CD-CAB699326715}.Debug|Any CPU.Build.0 = Debug|Any CPU
		{138E9F41-5213-4DF7-A7CD-CAB699326715}.Release|Any CPU.ActiveCfg = Release|Any CPU
		{138E9F41-5213-4DF7-A7CD-CAB699326715}.Release|Any CPU.Build.0 = Release|Any CPU
		{15DA5885-1D37-4171-B852-0BCCC30929F5}.Debug|Any CPU.ActiveCfg = Debug|Any CPU
		{15DA5885-1D37-4171-B852-0BCCC30929F5}.Debug|Any CPU.Build.0 = Debug|Any CPU
		{15DA5885-1D37-4171-B852-0BCCC30929F5}.Release|Any CPU.ActiveCfg = Release|Any CPU
		{15DA5885-1D37-4171-B852-0BCCC30929F5}.Release|Any CPU.Build.0 = Release|Any CPU
	EndGlobalSection
	GlobalSection(SolutionProperties) = preSolution
		HideSolutionNode = FALSE
	EndGlobalSection
	GlobalSection(ExtensibilityGlobals) = postSolution
		SolutionGuid = {80D08F4B-396F-4299-AB66-612DCA9DF4B0}
	EndGlobalSection
EndGlobal
